
Microsoft Visual Studio Solution File, Format Version 12.00
# Visual Studio Version 16
VisualStudioVersion = 16.0.30804.86
MinimumVisualStudioVersion = 10.0.40219.1
Project("{F184B08F-C81C-45F6-A57F-5ABD9991F28F}") = "NHLGames", "NHLGames\NHLGames.vbproj", "{0D71CCEF-DD58-43E3-8794-39203DD6999C}"
EndProject
Project("{F184B08F-C81C-45F6-A57F-5ABD9991F28F}") = "NHLGames.Updater", "NHLGames.Updater\NHLGames.Updater.vbproj", "{D043382A-25BF-4EBC-AA68-01023330D339}"
EndProject
Project("{F184B08F-C81C-45F6-A57F-5ABD9991F28F}") = "MLBAMGames.Library", "MLBAMGames.Library\MLBAMGames.Library.vbproj", "{2D251417-09CE-429D-BBE3-7111318266F4}"
EndProject
Project("{F184B08F-C81C-45F6-A57F-5ABD9991F28F}") = "MLBGames", "MLBGames\MLBGames.vbproj", "{9597FA06-7D1F-4A0B-BFCF-62C44EFBA708}"
EndProject
Global
	GlobalSection(SolutionConfigurationPlatforms) = preSolution
		Debug|Any CPU = Debug|Any CPU
		Debug|x64 = Debug|x64
		Debug|x86 = Debug|x86
		Release|Any CPU = Release|Any CPU
		Release|x64 = Release|x64
		Release|x86 = Release|x86
	EndGlobalSection
	GlobalSection(ProjectConfigurationPlatforms) = postSolution
		{0D71CCEF-DD58-43E3-8794-39203DD6999C}.Debug|Any CPU.ActiveCfg = Debug|Any CPU
		{0D71CCEF-DD58-43E3-8794-39203DD6999C}.Debug|Any CPU.Build.0 = Debug|Any CPU
		{0D71CCEF-DD58-43E3-8794-39203DD6999C}.Debug|x64.ActiveCfg = Debug|x64
		{0D71CCEF-DD58-43E3-8794-39203DD6999C}.Debug|x64.Build.0 = Debug|x64
		{0D71CCEF-DD58-43E3-8794-39203DD6999C}.Debug|x86.ActiveCfg = Debug|x86
		{0D71CCEF-DD58-43E3-8794-39203DD6999C}.Debug|x86.Build.0 = Debug|x86
		{0D71CCEF-DD58-43E3-8794-39203DD6999C}.Release|Any CPU.ActiveCfg = Release|Any CPU
		{0D71CCEF-DD58-43E3-8794-39203DD6999C}.Release|Any CPU.Build.0 = Release|Any CPU
		{0D71CCEF-DD58-43E3-8794-39203DD6999C}.Release|x64.ActiveCfg = Release|x64
		{0D71CCEF-DD58-43E3-8794-39203DD6999C}.Release|x64.Build.0 = Release|x64
		{0D71CCEF-DD58-43E3-8794-39203DD6999C}.Release|x86.ActiveCfg = Release|x86
		{0D71CCEF-DD58-43E3-8794-39203DD6999C}.Release|x86.Build.0 = Release|x86
		{D043382A-25BF-4EBC-AA68-01023330D339}.Debug|Any CPU.ActiveCfg = Debug|Any CPU
		{D043382A-25BF-4EBC-AA68-01023330D339}.Debug|Any CPU.Build.0 = Debug|Any CPU
		{D043382A-25BF-4EBC-AA68-01023330D339}.Debug|x64.ActiveCfg = Debug|Any CPU
		{D043382A-25BF-4EBC-AA68-01023330D339}.Debug|x64.Build.0 = Debug|Any CPU
		{D043382A-25BF-4EBC-AA68-01023330D339}.Debug|x86.ActiveCfg = Debug|Any CPU
		{D043382A-25BF-4EBC-AA68-01023330D339}.Debug|x86.Build.0 = Debug|Any CPU
		{D043382A-25BF-4EBC-AA68-01023330D339}.Release|Any CPU.ActiveCfg = Release|Any CPU
		{D043382A-25BF-4EBC-AA68-01023330D339}.Release|Any CPU.Build.0 = Release|Any CPU
		{D043382A-25BF-4EBC-AA68-01023330D339}.Release|x64.ActiveCfg = Release|Any CPU
		{D043382A-25BF-4EBC-AA68-01023330D339}.Release|x64.Build.0 = Release|Any CPU
		{D043382A-25BF-4EBC-AA68-01023330D339}.Release|x86.ActiveCfg = Release|Any CPU
		{D043382A-25BF-4EBC-AA68-01023330D339}.Release|x86.Build.0 = Release|Any CPU
		{2D251417-09CE-429D-BBE3-7111318266F4}.Debug|Any CPU.ActiveCfg = Debug|Any CPU
		{2D251417-09CE-429D-BBE3-7111318266F4}.Debug|Any CPU.Build.0 = Debug|Any CPU
		{2D251417-09CE-429D-BBE3-7111318266F4}.Debug|x64.ActiveCfg = Debug|Any CPU
		{2D251417-09CE-429D-BBE3-7111318266F4}.Debug|x64.Build.0 = Debug|Any CPU
		{2D251417-09CE-429D-BBE3-7111318266F4}.Debug|x86.ActiveCfg = Debug|Any CPU
		{2D251417-09CE-429D-BBE3-7111318266F4}.Debug|x86.Build.0 = Debug|Any CPU
		{2D251417-09CE-429D-BBE3-7111318266F4}.Release|Any CPU.ActiveCfg = Release|Any CPU
		{2D251417-09CE-429D-BBE3-7111318266F4}.Release|Any CPU.Build.0 = Release|Any CPU
		{2D251417-09CE-429D-BBE3-7111318266F4}.Release|x64.ActiveCfg = Release|Any CPU
		{2D251417-09CE-429D-BBE3-7111318266F4}.Release|x64.Build.0 = Release|Any CPU
		{2D251417-09CE-429D-BBE3-7111318266F4}.Release|x86.ActiveCfg = Release|Any CPU
		{2D251417-09CE-429D-BBE3-7111318266F4}.Release|x86.Build.0 = Release|Any CPU
		{9597FA06-7D1F-4A0B-BFCF-62C44EFBA708}.Debug|Any CPU.ActiveCfg = Debug|Any CPU
		{9597FA06-7D1F-4A0B-BFCF-62C44EFBA708}.Debug|Any CPU.Build.0 = Debug|Any CPU
		{9597FA06-7D1F-4A0B-BFCF-62C44EFBA708}.Debug|x64.ActiveCfg = Debug|Any CPU
		{9597FA06-7D1F-4A0B-BFCF-62C44EFBA708}.Debug|x64.Build.0 = Debug|Any CPU
		{9597FA06-7D1F-4A0B-BFCF-62C44EFBA708}.Debug|x86.ActiveCfg = Debug|Any CPU
		{9597FA06-7D1F-4A0B-BFCF-62C44EFBA708}.Debug|x86.Build.0 = Debug|Any CPU
		{9597FA06-7D1F-4A0B-BFCF-62C44EFBA708}.Release|Any CPU.ActiveCfg = Release|Any CPU
		{9597FA06-7D1F-4A0B-BFCF-62C44EFBA708}.Release|Any CPU.Build.0 = Release|Any CPU
		{9597FA06-7D1F-4A0B-BFCF-62C44EFBA708}.Release|x64.ActiveCfg = Release|Any CPU
		{9597FA06-7D1F-4A0B-BFCF-62C44EFBA708}.Release|x64.Build.0 = Release|Any CPU
		{9597FA06-7D1F-4A0B-BFCF-62C44EFBA708}.Release|x86.ActiveCfg = Release|Any CPU
		{9597FA06-7D1F-4A0B-BFCF-62C44EFBA708}.Release|x86.Build.0 = Release|Any CPU
	EndGlobalSection
	GlobalSection(SolutionProperties) = preSolution
		HideSolutionNode = FALSE
	EndGlobalSection
	GlobalSection(ExtensibilityGlobals) = postSolution
		SolutionGuid = {6C884AF2-7EC5-48F4-9385-5A6803602CC8}
	EndGlobalSection
EndGlobal
